
Microsoft Visual Studio Solution File, Format Version 12.00
# Visual Studio 2012
Project("{E24C65DC-7377-472B-9ABA-BC803B73C61A}") = "Panorama Synthesis", "Panorama Synthesis\", "{1DA90296-3A33-48D3-9B3A-EC1A80C6829A}"
	ProjectSection(WebsiteProperties) = preProject
		TargetFrameworkMoniker = ".NETFramework,Version%3Dv4.0"
		Debug.AspNetCompiler.VirtualPath = "/Panorama Synthesis"
		Debug.AspNetCompiler.PhysicalPath = "Panorama Synthesis\"
		Debug.AspNetCompiler.TargetPath = "PrecompiledWeb\Panorama Synthesis\"
		Debug.AspNetCompiler.Updateable = "true"
		Debug.AspNetCompiler.ForceOverwrite = "true"
		Debug.AspNetCompiler.FixedNames = "false"
		Debug.AspNetCompiler.Debug = "True"
		Release.AspNetCompiler.VirtualPath = "/Panorama Synthesis"
		Release.AspNetCompiler.PhysicalPath = "Panorama Synthesis\"
		Release.AspNetCompiler.TargetPath = "PrecompiledWeb\Panorama Synthesis\"
		Release.AspNetCompiler.Updateable = "true"
		Release.AspNetCompiler.ForceOverwrite = "true"
		Release.AspNetCompiler.FixedNames = "false"
		Release.AspNetCompiler.Debug = "False"
		VWDPort = "53726"
		DefaultWebSiteLanguage = "Visual C#"
	EndProjectSection
EndProject
Global
	GlobalSection(SolutionConfigurationPlatforms) = preSolution
		Debug|Any CPU = Debug|Any CPU
		Release|Any CPU = Release|Any CPU
	EndGlobalSection
	GlobalSection(ProjectConfigurationPlatforms) = postSolution
		{1DA90296-3A33-48D3-9B3A-EC1A80C6829A}.Debug|Any CPU.ActiveCfg = Debug|Any CPU
		{1DA90296-3A33-48D3-9B3A-EC1A80C6829A}.Debug|Any CPU.Build.0 = Debug|Any CPU
		{1DA90296-3A33-48D3-9B3A-EC1A80C6829A}.Release|Any CPU.ActiveCfg = Debug|Any CPU
		{1DA90296-3A33-48D3-9B3A-EC1A80C6829A}.Release|Any CPU.Build.0 = Debug|Any CPU
	EndGlobalSection
	GlobalSection(SolutionProperties) = preSolution
		HideSolutionNode = FALSE
	EndGlobalSection
EndGlobal
